# This file is automatically @generated by Poetry 1.4.2 and should not be changed by hand.

[[package]]
name = "exifread"
version = "3.0.0"
description = "Read Exif metadata from tiff and jpeg files."
category = "main"
optional = false
python-versions = "*"
files = [
    {file = "ExifRead-3.0.0-py3-none-any.whl", hash = "sha256:2c5c59ef03b3bbee75b82b82d2498006b3c13509f35c9a76c7552faff73fa2d5"},
    {file = "ExifRead-3.0.0.tar.gz", hash = "sha256:0ac5a364169dbdf2bd62f94f5c073970ab6694a3166177f5e448b10c943e2ca4"},
]

[package.extras]
dev = ["mypy (==0.950)", "pylint (==2.13.8)"]

[metadata]
lock-version = "2.0"
python-versions = "^3.11"
content-hash = "216a034b35fbb5d33e83a543692bd47b88456072e0eb7c3b79a05a971b97814c"
